
Microsoft Visual Studio Solution File, Format Version 12.00
# Visual Studio Version 17
VisualStudioVersion = 17.3.32811.315
MinimumVisualStudioVersion = 10.0.40219.1
Project("{2150E333-8FDC-42A3-9474-1A3956D46DE8}") = "Services", "Services", "{B2E1E2D7-B698-49C0-963C-2C4AF1A65C4D}"
EndProject
Project("{2150E333-8FDC-42A3-9474-1A3956D46DE8}") = "Catalog", "Catalog", "{D7159D93-6C1A-42F5-9199-2F0E60D90942}"
EndProject
Project("{9A19103F-16F7-4668-BE54-9A1E7A4F7556}") = "Catalog.API", "Services\Catalog\Catalog.API\Catalog.API.csproj", "{23BFD165-9A4F-4825-B032-55051E60C939}"
EndProject
Project("{E53339B2-1760-4266-BCC7-CA923CBCF16C}") = "docker-compose", "docker-compose.dcproj", "{9DFC6874-54A2-4E36-ABE8-2069A5940C0A}"
EndProject
Project("{2150E333-8FDC-42A3-9474-1A3956D46DE8}") = "Basket", "Basket", "{6796020A-8CC7-4D96-81E9-7842AF439B8C}"
EndProject
Project("{9A19103F-16F7-4668-BE54-9A1E7A4F7556}") = "Basket.API", "Services\Basket\Basket.API\Basket.API.csproj", "{57400712-E894-43A0-B2BE-7319ABE9EDF1}"
EndProject
Project("{2150E333-8FDC-42A3-9474-1A3956D46DE8}") = "Discount", "Discount", "{6DC6E95E-1013-471E-9244-B5502D4959CC}"
EndProject
Project("{9A19103F-16F7-4668-BE54-9A1E7A4F7556}") = "Discount.API", "Services\Discount\Discount.API\Discount.API.csproj", "{3E160CE2-B806-4D1B-A6C8-46C7F51D5E51}"
EndProject
Project("{FAE04EC0-301F-11D3-BF4B-00C04F79EFBC}") = "Discount.Grpc", "Services\Discount\Discount.Grpc\Discount.Grpc.csproj", "{FAFB4830-BA2D-4DE8-B1DE-D6E3319D863F}"
EndProject
Global
	GlobalSection(SolutionConfigurationPlatforms) = preSolution
		Debug|Any CPU = Debug|Any CPU
		Release|Any CPU = Release|Any CPU
	EndGlobalSection
	GlobalSection(ProjectConfigurationPlatforms) = postSolution
		{23BFD165-9A4F-4825-B032-55051E60C939}.Debug|Any CPU.ActiveCfg = Debug|Any CPU
		{23BFD165-9A4F-4825-B032-55051E60C939}.Debug|Any CPU.Build.0 = Debug|Any CPU
		{23BFD165-9A4F-4825-B032-55051E60C939}.Release|Any CPU.ActiveCfg = Release|Any CPU
		{23BFD165-9A4F-4825-B032-55051E60C939}.Release|Any CPU.Build.0 = Release|Any CPU
		{9DFC6874-54A2-4E36-ABE8-2069A5940C0A}.Debug|Any CPU.ActiveCfg = Debug|Any CPU
		{9DFC6874-54A2-4E36-ABE8-2069A5940C0A}.Debug|Any CPU.Build.0 = Debug|Any CPU
		{9DFC6874-54A2-4E36-ABE8-2069A5940C0A}.Release|Any CPU.ActiveCfg = Release|Any CPU
		{9DFC6874-54A2-4E36-ABE8-2069A5940C0A}.Release|Any CPU.Build.0 = Release|Any CPU
		{57400712-E894-43A0-B2BE-7319ABE9EDF1}.Debug|Any CPU.ActiveCfg = Debug|Any CPU
		{57400712-E894-43A0-B2BE-7319ABE9EDF1}.Debug|Any CPU.Build.0 = Debug|Any CPU
		{57400712-E894-43A0-B2BE-7319ABE9EDF1}.Release|Any CPU.ActiveCfg = Release|Any CPU
		{57400712-E894-43A0-B2BE-7319ABE9EDF1}.Release|Any CPU.Build.0 = Release|Any CPU
		{3E160CE2-B806-4D1B-A6C8-46C7F51D5E51}.Debug|Any CPU.ActiveCfg = Debug|Any CPU
		{3E160CE2-B806-4D1B-A6C8-46C7F51D5E51}.Debug|Any CPU.Build.0 = Debug|Any CPU
		{3E160CE2-B806-4D1B-A6C8-46C7F51D5E51}.Release|Any CPU.ActiveCfg = Release|Any CPU
		{3E160CE2-B806-4D1B-A6C8-46C7F51D5E51}.Release|Any CPU.Build.0 = Release|Any CPU
		{FAFB4830-BA2D-4DE8-B1DE-D6E3319D863F}.Debug|Any CPU.ActiveCfg = Debug|Any CPU
		{FAFB4830-BA2D-4DE8-B1DE-D6E3319D863F}.Debug|Any CPU.Build.0 = Debug|Any CPU
		{FAFB4830-BA2D-4DE8-B1DE-D6E3319D863F}.Release|Any CPU.ActiveCfg = Release|Any CPU
		{FAFB4830-BA2D-4DE8-B1DE-D6E3319D863F}.Release|Any CPU.Build.0 = Release|Any CPU
	EndGlobalSection
	GlobalSection(SolutionProperties) = preSolution
		HideSolutionNode = FALSE
	EndGlobalSection
	GlobalSection(NestedProjects) = preSolution
		{D7159D93-6C1A-42F5-9199-2F0E60D90942} = {B2E1E2D7-B698-49C0-963C-2C4AF1A65C4D}
		{23BFD165-9A4F-4825-B032-55051E60C939} = {D7159D93-6C1A-42F5-9199-2F0E60D90942}
		{6796020A-8CC7-4D96-81E9-7842AF439B8C} = {B2E1E2D7-B698-49C0-963C-2C4AF1A65C4D}
		{57400712-E894-43A0-B2BE-7319ABE9EDF1} = {6796020A-8CC7-4D96-81E9-7842AF439B8C}
		{6DC6E95E-1013-471E-9244-B5502D4959CC} = {B2E1E2D7-B698-49C0-963C-2C4AF1A65C4D}
		{3E160CE2-B806-4D1B-A6C8-46C7F51D5E51} = {6DC6E95E-1013-471E-9244-B5502D4959CC}
		{FAFB4830-BA2D-4DE8-B1DE-D6E3319D863F} = {6DC6E95E-1013-471E-9244-B5502D4959CC}
	EndGlobalSection
	GlobalSection(ExtensibilityGlobals) = postSolution
		SolutionGuid = {AB0CB25D-F26A-48FF-8D1A-D8D25C85E125}
	EndGlobalSection
EndGlobal
